
Microsoft Visual Studio Solution File, Format Version 12.00
# Visual Studio Version 17
VisualStudioVersion = 17.11.35222.181
MinimumVisualStudioVersion = 10.0.40219.1
Project("{FAE04EC0-301F-11D3-BF4B-00C04F79EFBC}") = "MyPortfolio_MVC", "MyPortfolio_MVC\MyPortfolio_MVC.csproj", "{D2DD9EEF-8EA6-454D-B27B-830214926C4F}"
EndProject
Global
	GlobalSection(SolutionConfigurationPlatforms) = preSolution
		Debug|Any CPU = Debug|Any CPU
		Release|Any CPU = Release|Any CPU
	EndGlobalSection
	GlobalSection(ProjectConfigurationPlatforms) = postSolution
		{D2DD9EEF-8EA6-454D-B27B-830214926C4F}.Debug|Any CPU.ActiveCfg = Debug|Any CPU
		{D2DD9EEF-8EA6-454D-B27B-830214926C4F}.Debug|Any CPU.Build.0 = Debug|Any CPU
		{D2DD9EEF-8EA6-454D-B27B-830214926C4F}.Release|Any CPU.ActiveCfg = Release|Any CPU
		{D2DD9EEF-8EA6-454D-B27B-830214926C4F}.Release|Any CPU.Build.0 = Release|Any CPU
	EndGlobalSection
	GlobalSection(SolutionProperties) = preSolution
		HideSolutionNode = FALSE
	EndGlobalSection
	GlobalSection(ExtensibilityGlobals) = postSolution
		SolutionGuid = {B3436B5D-E207-4031-B271-3C197383DB79}
	EndGlobalSection
EndGlobal
